
Microsoft Visual Studio Solution File, Format Version 12.00
# Visual Studio Version 16
VisualStudioVersion = 16.0.34301.259
MinimumVisualStudioVersion = 10.0.40219.1
Project("{B1E792BE-AA5F-4E3C-8C82-674BF9C0715B}") = "Hi", "Hi\Hi.tsproj", "{FC6483A7-558A-4A45-99CB-C4603B8670DE}"
EndProject
Global
	GlobalSection(SolutionConfigurationPlatforms) = preSolution
		Debug|TwinCAT CE7 (ARMV7) = Debug|TwinCAT CE7 (ARMV7)
		Debug|TwinCAT OS (ARMT2) = Debug|TwinCAT OS (ARMT2)
		Debug|TwinCAT RT (x64) = Debug|TwinCAT RT (x64)
		Debug|TwinCAT RT (x86) = Debug|TwinCAT RT (x86)
		Release|TwinCAT CE7 (ARMV7) = Release|TwinCAT CE7 (ARMV7)
		Release|TwinCAT OS (ARMT2) = Release|TwinCAT OS (ARMT2)
		Release|TwinCAT RT (x64) = Release|TwinCAT RT (x64)
		Release|TwinCAT RT (x86) = Release|TwinCAT RT (x86)
	EndGlobalSection
	GlobalSection(ProjectConfigurationPlatforms) = postSolution
		{FC6483A7-558A-4A45-99CB-C4603B8670DE}.Debug|TwinCAT CE7 (ARMV7).ActiveCfg = Debug|TwinCAT CE7 (ARMV7)
		{FC6483A7-558A-4A45-99CB-C4603B8670DE}.Debug|TwinCAT CE7 (ARMV7).Build.0 = Debug|TwinCAT CE7 (ARMV7)
		{FC6483A7-558A-4A45-99CB-C4603B8670DE}.Debug|TwinCAT OS (ARMT2).ActiveCfg = Debug|TwinCAT OS (ARMT2)
		{FC6483A7-558A-4A45-99CB-C4603B8670DE}.Debug|TwinCAT OS (ARMT2).Build.0 = Debug|TwinCAT OS (ARMT2)
		{FC6483A7-558A-4A45-99CB-C4603B8670DE}.Debug|TwinCAT RT (x64).ActiveCfg = Debug|TwinCAT RT (x64)
		{FC6483A7-558A-4A45-99CB-C4603B8670DE}.Debug|TwinCAT RT (x64).Build.0 = Debug|TwinCAT RT (x64)
		{FC6483A7-558A-4A45-99CB-C4603B8670DE}.Debug|TwinCAT RT (x86).ActiveCfg = Debug|TwinCAT RT (x86)
		{FC6483A7-558A-4A45-99CB-C4603B8670DE}.Debug|TwinCAT RT (x86).Build.0 = Debug|TwinCAT RT (x86)
		{FC6483A7-558A-4A45-99CB-C4603B8670DE}.Release|TwinCAT CE7 (ARMV7).ActiveCfg = Release|TwinCAT CE7 (ARMV7)
		{FC6483A7-558A-4A45-99CB-C4603B8670DE}.Release|TwinCAT CE7 (ARMV7).Build.0 = Release|TwinCAT CE7 (ARMV7)
		{FC6483A7-558A-4A45-99CB-C4603B8670DE}.Release|TwinCAT OS (ARMT2).ActiveCfg = Release|TwinCAT OS (ARMT2)
		{FC6483A7-558A-4A45-99CB-C4603B8670DE}.Release|TwinCAT OS (ARMT2).Build.0 = Release|TwinCAT OS (ARMT2)
		{FC6483A7-558A-4A45-99CB-C4603B8670DE}.Release|TwinCAT RT (x64).ActiveCfg = Release|TwinCAT RT (x64)
		{FC6483A7-558A-4A45-99CB-C4603B8670DE}.Release|TwinCAT RT (x64).Build.0 = Release|TwinCAT RT (x64)
		{FC6483A7-558A-4A45-99CB-C4603B8670DE}.Release|TwinCAT RT (x86).ActiveCfg = Release|TwinCAT RT (x86)
		{FC6483A7-558A-4A45-99CB-C4603B8670DE}.Release|TwinCAT RT (x86).Build.0 = Release|TwinCAT RT (x86)
		{37F2F36B-32F0-41E5-8B10-EA9E4F67894D}.Debug|TwinCAT CE7 (ARMV7).ActiveCfg = Debug|TwinCAT CE7 (ARMV7)
		{37F2F36B-32F0-41E5-8B10-EA9E4F67894D}.Debug|TwinCAT CE7 (ARMV7).Build.0 = Debug|TwinCAT CE7 (ARMV7)
		{37F2F36B-32F0-41E5-8B10-EA9E4F67894D}.Debug|TwinCAT OS (ARMT2).ActiveCfg = Debug|TwinCAT OS (ARMT2)
		{37F2F36B-32F0-41E5-8B10-EA9E4F67894D}.Debug|TwinCAT OS (ARMT2).Build.0 = Debug|TwinCAT OS (ARMT2)
		{37F2F36B-32F0-41E5-8B10-EA9E4F67894D}.Debug|TwinCAT RT (x64).ActiveCfg = Debug|TwinCAT RT (x64)
		{37F2F36B-32F0-41E5-8B10-EA9E4F67894D}.Debug|TwinCAT RT (x64).Build.0 = Debug|TwinCAT RT (x64)
		{37F2F36B-32F0-41E5-8B10-EA9E4F67894D}.Debug|TwinCAT RT (x86).ActiveCfg = Debug|TwinCAT RT (x86)
		{37F2F36B-32F0-41E5-8B10-EA9E4F67894D}.Debug|TwinCAT RT (x86).Build.0 = Debug|TwinCAT RT (x86)
		{37F2F36B-32F0-41E5-8B10-EA9E4F67894D}.Release|TwinCAT CE7 (ARMV7).ActiveCfg = Release|TwinCAT CE7 (ARMV7)
		{37F2F36B-32F0-41E5-8B10-EA9E4F67894D}.Release|TwinCAT CE7 (ARMV7).Build.0 = Release|TwinCAT CE7 (ARMV7)
		{37F2F36B-32F0-41E5-8B10-EA9E4F67894D}.Release|TwinCAT OS (ARMT2).ActiveCfg = Release|TwinCAT OS (ARMT2)
		{37F2F36B-32F0-41E5-8B10-EA9E4F67894D}.Release|TwinCAT OS (ARMT2).Build.0 = Release|TwinCAT OS (ARMT2)
		{37F2F36B-32F0-41E5-8B10-EA9E4F67894D}.Release|TwinCAT RT (x64).ActiveCfg = Release|TwinCAT RT (x64)
		{37F2F36B-32F0-41E5-8B10-EA9E4F67894D}.Release|TwinCAT RT (x64).Build.0 = Release|TwinCAT RT (x64)
		{37F2F36B-32F0-41E5-8B10-EA9E4F67894D}.Release|TwinCAT RT (x86).ActiveCfg = Release|TwinCAT RT (x86)
		{37F2F36B-32F0-41E5-8B10-EA9E4F67894D}.Release|TwinCAT RT (x86).Build.0 = Release|TwinCAT RT (x86)
	EndGlobalSection
	GlobalSection(SolutionProperties) = preSolution
		HideSolutionNode = FALSE
	EndGlobalSection
	GlobalSection(ExtensibilityGlobals) = postSolution
		SolutionGuid = {39F60C1D-681D-49E0-B495-37E201464309}
	EndGlobalSection
EndGlobal
